{
    "version": 3,
    "terraform_version": "0.11.10",
    "serial": 2,
    "lineage": "077708c2-4273-7d8b-284c-7a768cf90a4b",
    "modules": [
        {
            "path": [
                "root"
            ],
            "outputs": {
                "config-map": {
                    "sensitive": false,
                    "type": "string",
                    "value": "\napiVersion: v1\nkind: ConfigMap\nmetadata:\n  name: aws-auth\n  namespace: kube-system\ndata:\n  mapRoles: |\n    - rolearn: arn:aws:iam::746022503515:role/distributed-geobroker-cluster-eks-node-role\n      username: system:node:{{EC2PrivateDNSName}}\n      groups:\n        - system:bootstrappers\n        - system:nodes\n"
                },
                "kubeconfig": {
                    "sensitive": false,
                    "type": "string",
                    "value": "\napiVersion: v1\nclusters:\n- cluster:\n    server: https://EBABBC8863C007EEB032E4E531370AEB.gr7.eu-central-1.eks.amazonaws.com\n    certificate-authority-data: LS0tLS1CRUdJTiBDRVJUSUZJQ0FURS0tLS0tCk1JSUN5RENDQWJDZ0F3SUJBZ0lCQURBTkJna3Foa2lHOXcwQkFRc0ZBREFWTVJNd0VRWURWUVFERXdwcmRXSmwKY201bGRHVnpNQjRYRFRFNU1UQXdNVEUxTlRjMU5Gb1hEVEk1TURreU9ERTFOVGMxTkZvd0ZURVRNQkVHQTFVRQpBeE1LYTNWaVpYSnVaWFJsY3pDQ0FTSXdEUVlKS29aSWh2Y05BUUVCQlFBRGdnRVBBRENDQVFvQ2dnRUJBS0o1Ck1QNkQ1OEhwbVFnZHFJSFM2NllOQmtpbXh3UmdwM3lyTTlIMllGQzFUclRWblUvcVFlMXlsQ0M4UzdPRS9MeVgKclRMSmxWVTZyamFiQVFiOERKVTZic0d5ZTFiSnE4S0dGMlI5RzhwRkEvMDVXU081QUJqeGdJRDBBQWNKUEs2QgovRFRHcUhjOGV3b2gyaGRzb3dBR1RUWVRjY0V3blhYWVl6NEdWSVV3Wkd4bnhEWE9WWENpbEFLa283RngwOGFqClZNOEV4NExVamN0aEZwMTBEbjRjRkRpTjArM3Jac0ZyZ0s5bFgxV20wOUNWS3B4MWk1dXdYRzRBQUZDc3BOb0IKTHpJQWZaYS9MVGw4dGxXY2V0eXdrbkJrN2kzZXJmYjJEbWhtUE9SVVc5WlQyWFY5aDhwZE8rRkF0OERnSlRaVQpTNiszM1ZKdWo0N2dNbmxIU1kwQ0F3RUFBYU1qTUNFd0RnWURWUjBQQVFIL0JBUURBZ0trTUE4R0ExVWRFd0VCCi93UUZNQU1CQWY4d0RRWUpLb1pJaHZjTkFRRUxCUUFEZ2dFQkFHcnFVdDRFblk3d2pnNkQveW43NEIwUFJqOUIKamFlaEt5bi90dGxDSllZVitYOGtJNGZsNjlEZ3FxaHF4bEI3NlVzZFc5VWlOR0xXVDZSWHNpSmwvR254M2hvTgpPT1RXQXBYNmYvRWRYbDRHUEZUSzFyanZjYjFOOHA2OWhFL0RLaTZPYlgrMzMyNUdDcXJaVGJhWWZKVEhDVE1lCjdZcGRJbUNONlJ4SzVBNTdiN21YMkZRam8vUEh0RjF3ajFySDRBaVhxdk8yMkRTTUJXZVRoQlhNcGJBTFVBR0MKMk9WVzFqdi9yODZKb0JBa1RTSVZicU9PVTNxejE4MFcyQXdzbEdqNVVhSjI0Z2VaQkNNQVB2V002b0taS01YMQpYSzRRbHdrZCtOQ0hieEtiblNaSGdxRWxpZzBSeEljU1NuK0lsZGdUMVF4VVpNRnR0NjRpblpPQXMvTT0KLS0tLS1FTkQgQ0VSVElGSUNBVEUtLS0tLQo=\n  name: kubernetes\ncontexts:\n- context:\n    cluster: kubernetes\n    user: aws\n  name: aws\ncurrent-context: aws\nkind: Config\npreferences: {}\nusers:\n- name: aws\n  user:\n    exec:\n      apiVersion: client.authentication.k8s.io/v1alpha1\n      command: iam-authenticator-aws\n      args:\n        - \"token\"\n        - \"-i\"\n        - \"distributed-geobroker-cluster\"\n"
                }
            },
            "resources": {
                "local_file.cluster": {
                    "type": "local_file",
                    "depends_on": [
                        "module.eks"
                    ],
                    "primary": {
                        "id": "81d0aea041f9fdc3e0a5d0a36172a4b37e930b91",
                        "attributes": {
                            "content": "\napiVersion: v1\nclusters:\n- cluster:\n    server: https://EBABBC8863C007EEB032E4E531370AEB.gr7.eu-central-1.eks.amazonaws.com\n    certificate-authority-data: LS0tLS1CRUdJTiBDRVJUSUZJQ0FURS0tLS0tCk1JSUN5RENDQWJDZ0F3SUJBZ0lCQURBTkJna3Foa2lHOXcwQkFRc0ZBREFWTVJNd0VRWURWUVFERXdwcmRXSmwKY201bGRHVnpNQjRYRFRFNU1UQXdNVEUxTlRjMU5Gb1hEVEk1TURreU9ERTFOVGMxTkZvd0ZURVRNQkVHQTFVRQpBeE1LYTNWaVpYSnVaWFJsY3pDQ0FTSXdEUVlKS29aSWh2Y05BUUVCQlFBRGdnRVBBRENDQVFvQ2dnRUJBS0o1Ck1QNkQ1OEhwbVFnZHFJSFM2NllOQmtpbXh3UmdwM3lyTTlIMllGQzFUclRWblUvcVFlMXlsQ0M4UzdPRS9MeVgKclRMSmxWVTZyamFiQVFiOERKVTZic0d5ZTFiSnE4S0dGMlI5RzhwRkEvMDVXU081QUJqeGdJRDBBQWNKUEs2QgovRFRHcUhjOGV3b2gyaGRzb3dBR1RUWVRjY0V3blhYWVl6NEdWSVV3Wkd4bnhEWE9WWENpbEFLa283RngwOGFqClZNOEV4NExVamN0aEZwMTBEbjRjRkRpTjArM3Jac0ZyZ0s5bFgxV20wOUNWS3B4MWk1dXdYRzRBQUZDc3BOb0IKTHpJQWZaYS9MVGw4dGxXY2V0eXdrbkJrN2kzZXJmYjJEbWhtUE9SVVc5WlQyWFY5aDhwZE8rRkF0OERnSlRaVQpTNiszM1ZKdWo0N2dNbmxIU1kwQ0F3RUFBYU1qTUNFd0RnWURWUjBQQVFIL0JBUURBZ0trTUE4R0ExVWRFd0VCCi93UUZNQU1CQWY4d0RRWUpLb1pJaHZjTkFRRUxCUUFEZ2dFQkFHcnFVdDRFblk3d2pnNkQveW43NEIwUFJqOUIKamFlaEt5bi90dGxDSllZVitYOGtJNGZsNjlEZ3FxaHF4bEI3NlVzZFc5VWlOR0xXVDZSWHNpSmwvR254M2hvTgpPT1RXQXBYNmYvRWRYbDRHUEZUSzFyanZjYjFOOHA2OWhFL0RLaTZPYlgrMzMyNUdDcXJaVGJhWWZKVEhDVE1lCjdZcGRJbUNONlJ4SzVBNTdiN21YMkZRam8vUEh0RjF3ajFySDRBaVhxdk8yMkRTTUJXZVRoQlhNcGJBTFVBR0MKMk9WVzFqdi9yODZKb0JBa1RTSVZicU9PVTNxejE4MFcyQXdzbEdqNVVhSjI0Z2VaQkNNQVB2V002b0taS01YMQpYSzRRbHdrZCtOQ0hieEtiblNaSGdxRWxpZzBSeEljU1NuK0lsZGdUMVF4VVpNRnR0NjRpblpPQXMvTT0KLS0tLS1FTkQgQ0VSVElGSUNBVEUtLS0tLQo=\n  name: kubernetes\ncontexts:\n- context:\n    cluster: kubernetes\n    user: aws\n  name: aws\ncurrent-context: aws\nkind: Config\npreferences: {}\nusers:\n- name: aws\n  user:\n    exec:\n      apiVersion: client.authentication.k8s.io/v1alpha1\n      command: iam-authenticator-aws\n      args:\n        - \"token\"\n        - \"-i\"\n        - \"distributed-geobroker-cluster\"\n",
                            "directory_permission": "0777",
                            "file_permission": "0777",
                            "filename": "config-files/config",
                            "id": "81d0aea041f9fdc3e0a5d0a36172a4b37e930b91"
                        },
                        "meta": {},
                        "tainted": false
                    },
                    "deposed": [],
                    "provider": "provider.local"
                },
                "local_file.nodes": {
                    "type": "local_file",
                    "depends_on": [
                        "module.eks"
                    ],
                    "primary": {
                        "id": "aaa57e59f7837fd47f3246c16258fb0177e9f379",
                        "attributes": {
                            "content": "\napiVersion: v1\nkind: ConfigMap\nmetadata:\n  name: aws-auth\n  namespace: kube-system\ndata:\n  mapRoles: |\n    - rolearn: arn:aws:iam::746022503515:role/distributed-geobroker-cluster-eks-node-role\n      username: system:node:{{EC2PrivateDNSName}}\n      groups:\n        - system:bootstrappers\n        - system:nodes\n",
                            "directory_permission": "0777",
                            "file_permission": "0777",
                            "filename": "config-files/nodes.yaml",
                            "id": "aaa57e59f7837fd47f3246c16258fb0177e9f379"
                        },
                        "meta": {},
                        "tainted": false
                    },
                    "deposed": [],
                    "provider": "provider.local"
                }
            },
            "depends_on": []
        },
        {
            "path": [
                "root",
                "eks"
            ],
            "outputs": {
                "config-map-aws-auth": {
                    "sensitive": false,
                    "type": "string",
                    "value": "\napiVersion: v1\nkind: ConfigMap\nmetadata:\n  name: aws-auth\n  namespace: kube-system\ndata:\n  mapRoles: |\n    - rolearn: arn:aws:iam::746022503515:role/distributed-geobroker-cluster-eks-node-role\n      username: system:node:{{EC2PrivateDNSName}}\n      groups:\n        - system:bootstrappers\n        - system:nodes\n"
                },
                "kubeconfig": {
                    "sensitive": false,
                    "type": "string",
                    "value": "\napiVersion: v1\nclusters:\n- cluster:\n    server: https://EBABBC8863C007EEB032E4E531370AEB.gr7.eu-central-1.eks.amazonaws.com\n    certificate-authority-data: LS0tLS1CRUdJTiBDRVJUSUZJQ0FURS0tLS0tCk1JSUN5RENDQWJDZ0F3SUJBZ0lCQURBTkJna3Foa2lHOXcwQkFRc0ZBREFWTVJNd0VRWURWUVFERXdwcmRXSmwKY201bGRHVnpNQjRYRFRFNU1UQXdNVEUxTlRjMU5Gb1hEVEk1TURreU9ERTFOVGMxTkZvd0ZURVRNQkVHQTFVRQpBeE1LYTNWaVpYSnVaWFJsY3pDQ0FTSXdEUVlKS29aSWh2Y05BUUVCQlFBRGdnRVBBRENDQVFvQ2dnRUJBS0o1Ck1QNkQ1OEhwbVFnZHFJSFM2NllOQmtpbXh3UmdwM3lyTTlIMllGQzFUclRWblUvcVFlMXlsQ0M4UzdPRS9MeVgKclRMSmxWVTZyamFiQVFiOERKVTZic0d5ZTFiSnE4S0dGMlI5RzhwRkEvMDVXU081QUJqeGdJRDBBQWNKUEs2QgovRFRHcUhjOGV3b2gyaGRzb3dBR1RUWVRjY0V3blhYWVl6NEdWSVV3Wkd4bnhEWE9WWENpbEFLa283RngwOGFqClZNOEV4NExVamN0aEZwMTBEbjRjRkRpTjArM3Jac0ZyZ0s5bFgxV20wOUNWS3B4MWk1dXdYRzRBQUZDc3BOb0IKTHpJQWZaYS9MVGw4dGxXY2V0eXdrbkJrN2kzZXJmYjJEbWhtUE9SVVc5WlQyWFY5aDhwZE8rRkF0OERnSlRaVQpTNiszM1ZKdWo0N2dNbmxIU1kwQ0F3RUFBYU1qTUNFd0RnWURWUjBQQVFIL0JBUURBZ0trTUE4R0ExVWRFd0VCCi93UUZNQU1CQWY4d0RRWUpLb1pJaHZjTkFRRUxCUUFEZ2dFQkFHcnFVdDRFblk3d2pnNkQveW43NEIwUFJqOUIKamFlaEt5bi90dGxDSllZVitYOGtJNGZsNjlEZ3FxaHF4bEI3NlVzZFc5VWlOR0xXVDZSWHNpSmwvR254M2hvTgpPT1RXQXBYNmYvRWRYbDRHUEZUSzFyanZjYjFOOHA2OWhFL0RLaTZPYlgrMzMyNUdDcXJaVGJhWWZKVEhDVE1lCjdZcGRJbUNONlJ4SzVBNTdiN21YMkZRam8vUEh0RjF3ajFySDRBaVhxdk8yMkRTTUJXZVRoQlhNcGJBTFVBR0MKMk9WVzFqdi9yODZKb0JBa1RTSVZicU9PVTNxejE4MFcyQXdzbEdqNVVhSjI0Z2VaQkNNQVB2V002b0taS01YMQpYSzRRbHdrZCtOQ0hieEtiblNaSGdxRWxpZzBSeEljU1NuK0lsZGdUMVF4VVpNRnR0NjRpblpPQXMvTT0KLS0tLS1FTkQgQ0VSVElGSUNBVEUtLS0tLQo=\n  name: kubernetes\ncontexts:\n- context:\n    cluster: kubernetes\n    user: aws\n  name: aws\ncurrent-context: aws\nkind: Config\npreferences: {}\nusers:\n- name: aws\n  user:\n    exec:\n      apiVersion: client.authentication.k8s.io/v1alpha1\n      command: iam-authenticator-aws\n      args:\n        - \"token\"\n        - \"-i\"\n        - \"distributed-geobroker-cluster\"\n"
                }
            },
            "resources": {
                "aws_autoscaling_group.eks": {
                    "type": "aws_autoscaling_group",
                    "depends_on": [
                        "aws_launch_configuration.eks",
                        "aws_subnet.eks",
                        "aws_subnet.eks.1"
                    ],
                    "primary": {
                        "id": "distributed-geobroker-cluster-eks-asg",
                        "attributes": {
                            "arn": "arn:aws:autoscaling:eu-central-1:746022503515:autoScalingGroup:1d6eec4f-b567-4d63-a862-a28fd8fec730:autoScalingGroupName/distributed-geobroker-cluster-eks-asg",
                            "availability_zones.#": "2",
                            "availability_zones.1126047633": "eu-central-1a",
                            "availability_zones.3658960427": "eu-central-1b",
                            "default_cooldown": "300",
                            "desired_capacity": "4",
                            "enabled_metrics.#": "0",
                            "force_delete": "false",
                            "health_check_grace_period": "300",
                            "health_check_type": "EC2",
                            "id": "distributed-geobroker-cluster-eks-asg",
                            "launch_configuration": "distributed-geobroker-cluster-eks-20191001160014549500000006",
                            "launch_template.#": "0",
                            "load_balancers.#": "0",
                            "max_size": "6",
                            "metrics_granularity": "1Minute",
                            "min_size": "3",
                            "mixed_instances_policy.#": "0",
                            "name": "distributed-geobroker-cluster-eks-asg",
                            "placement_group": "",
                            "protect_from_scale_in": "false",
                            "service_linked_role_arn": "arn:aws:iam::746022503515:role/aws-service-role/autoscaling.amazonaws.com/AWSServiceRoleForAutoScaling",
                            "suspended_processes.#": "0",
                            "tag.#": "2",
                            "tag.3375537325.key": "Name",
                            "tag.3375537325.propagate_at_launch": "true",
                            "tag.3375537325.value": "distributed-geobroker-cluster-eks-node",
                            "tag.3709293457.key": "kubernetes.io/cluster/distributed-geobroker-cluster",
                            "tag.3709293457.propagate_at_launch": "true",
                            "tag.3709293457.value": "owned",
                            "target_group_arns.#": "0",
                            "termination_policies.#": "0",
                            "vpc_zone_identifier.#": "2",
                            "vpc_zone_identifier.3542811016": "subnet-03e43dd6a9a816a2a",
                            "vpc_zone_identifier.4051662163": "subnet-09fd66737eb6a12e0",
                            "wait_for_capacity_timeout": "10m"
                        },
                        "meta": {
                            "e2bfb730-ecaa-11e6-8f88-34363bc7c4c0": {
                                "delete": 600000000000
                            }
                        },
                        "tainted": false
                    },
                    "deposed": [],
                    "provider": "module.eks.provider.aws"
                },
                "aws_eks_cluster.eks": {
                    "type": "aws_eks_cluster",
                    "depends_on": [
                        "aws_iam_role.cluster",
                        "aws_iam_role_policy_attachment.cluster-AmazonEKSClusterPolicy",
                        "aws_iam_role_policy_attachment.cluster-AmazonEKSServicePolicy",
                        "aws_security_group.cluster",
                        "aws_subnet.eks",
                        "aws_subnet.eks.1"
                    ],
                    "primary": {
                        "id": "distributed-geobroker-cluster",
                        "attributes": {
                            "arn": "arn:aws:eks:eu-central-1:746022503515:cluster/distributed-geobroker-cluster",
                            "certificate_authority.#": "1",
                            "certificate_authority.0.data": "LS0tLS1CRUdJTiBDRVJUSUZJQ0FURS0tLS0tCk1JSUN5RENDQWJDZ0F3SUJBZ0lCQURBTkJna3Foa2lHOXcwQkFRc0ZBREFWTVJNd0VRWURWUVFERXdwcmRXSmwKY201bGRHVnpNQjRYRFRFNU1UQXdNVEUxTlRjMU5Gb1hEVEk1TURreU9ERTFOVGMxTkZvd0ZURVRNQkVHQTFVRQpBeE1LYTNWaVpYSnVaWFJsY3pDQ0FTSXdEUVlKS29aSWh2Y05BUUVCQlFBRGdnRVBBRENDQVFvQ2dnRUJBS0o1Ck1QNkQ1OEhwbVFnZHFJSFM2NllOQmtpbXh3UmdwM3lyTTlIMllGQzFUclRWblUvcVFlMXlsQ0M4UzdPRS9MeVgKclRMSmxWVTZyamFiQVFiOERKVTZic0d5ZTFiSnE4S0dGMlI5RzhwRkEvMDVXU081QUJqeGdJRDBBQWNKUEs2QgovRFRHcUhjOGV3b2gyaGRzb3dBR1RUWVRjY0V3blhYWVl6NEdWSVV3Wkd4bnhEWE9WWENpbEFLa283RngwOGFqClZNOEV4NExVamN0aEZwMTBEbjRjRkRpTjArM3Jac0ZyZ0s5bFgxV20wOUNWS3B4MWk1dXdYRzRBQUZDc3BOb0IKTHpJQWZaYS9MVGw4dGxXY2V0eXdrbkJrN2kzZXJmYjJEbWhtUE9SVVc5WlQyWFY5aDhwZE8rRkF0OERnSlRaVQpTNiszM1ZKdWo0N2dNbmxIU1kwQ0F3RUFBYU1qTUNFd0RnWURWUjBQQVFIL0JBUURBZ0trTUE4R0ExVWRFd0VCCi93UUZNQU1CQWY4d0RRWUpLb1pJaHZjTkFRRUxCUUFEZ2dFQkFHcnFVdDRFblk3d2pnNkQveW43NEIwUFJqOUIKamFlaEt5bi90dGxDSllZVitYOGtJNGZsNjlEZ3FxaHF4bEI3NlVzZFc5VWlOR0xXVDZSWHNpSmwvR254M2hvTgpPT1RXQXBYNmYvRWRYbDRHUEZUSzFyanZjYjFOOHA2OWhFL0RLaTZPYlgrMzMyNUdDcXJaVGJhWWZKVEhDVE1lCjdZcGRJbUNONlJ4SzVBNTdiN21YMkZRam8vUEh0RjF3ajFySDRBaVhxdk8yMkRTTUJXZVRoQlhNcGJBTFVBR0MKMk9WVzFqdi9yODZKb0JBa1RTSVZicU9PVTNxejE4MFcyQXdzbEdqNVVhSjI0Z2VaQkNNQVB2V002b0taS01YMQpYSzRRbHdrZCtOQ0hieEtiblNaSGdxRWxpZzBSeEljU1NuK0lsZGdUMVF4VVpNRnR0NjRpblpPQXMvTT0KLS0tLS1FTkQgQ0VSVElGSUNBVEUtLS0tLQo=",
                            "created_at": "2019-10-01 15:51:33 +0000 UTC",
                            "enabled_cluster_log_types.#": "0",
                            "endpoint": "https://EBABBC8863C007EEB032E4E531370AEB.gr7.eu-central-1.eks.amazonaws.com",
                            "id": "distributed-geobroker-cluster",
                            "identity.#": "1",
                            "identity.0.oidc.#": "1",
                            "identity.0.oidc.0.issuer": "https://oidc.eks.eu-central-1.amazonaws.com/id/EBABBC8863C007EEB032E4E531370AEB",
                            "name": "distributed-geobroker-cluster",
                            "platform_version": "eks.4",
                            "role_arn": "arn:aws:iam::746022503515:role/distributed-geobroker-cluster-eks-cluster-role",
                            "status": "ACTIVE",
                            "version": "1.13",
                            "vpc_config.#": "1",
                            "vpc_config.0.endpoint_private_access": "false",
                            "vpc_config.0.endpoint_public_access": "true",
                            "vpc_config.0.security_group_ids.#": "1",
                            "vpc_config.0.security_group_ids.2773392946": "sg-00d89887f5ac0305e",
                            "vpc_config.0.subnet_ids.#": "2",
                            "vpc_config.0.subnet_ids.2159617722": "subnet-03e43dd6a9a816a2a",
                            "vpc_config.0.subnet_ids.2442819986": "subnet-09fd66737eb6a12e0",
                            "vpc_config.0.vpc_id": "vpc-027522323cbc623b7"
                        },
                        "meta": {
                            "e2bfb730-ecaa-11e6-8f88-34363bc7c4c0": {
                                "create": 1800000000000,
                                "delete": 900000000000,
                                "update": 3600000000000
                            }
                        },
                        "tainted": false
                    },
                    "deposed": [],
                    "provider": "module.eks.provider.aws"
                },
                "aws_iam_instance_profile.node": {
                    "type": "aws_iam_instance_profile",
                    "depends_on": [
                        "aws_iam_role.node"
                    ],
                    "primary": {
                        "id": "distributed-geobroker-cluster-eks-node-instance-profile",
                        "attributes": {
                            "arn": "arn:aws:iam::746022503515:instance-profile/distributed-geobroker-cluster-eks-node-instance-profile",
                            "create_date": "2019-10-01T15:51:22Z",
                            "id": "distributed-geobroker-cluster-eks-node-instance-profile",
                            "name": "distributed-geobroker-cluster-eks-node-instance-profile",
                            "path": "/",
                            "role": "distributed-geobroker-cluster-eks-node-role",
                            "roles.#": "0",
                            "unique_id": "AIPA23MTIARNUTTQZTIGR"
                        },
                        "meta": {},
                        "tainted": false
                    },
                    "deposed": [],
                    "provider": "module.eks.provider.aws"
                },
                "aws_iam_role.cluster": {
                    "type": "aws_iam_role",
                    "depends_on": [],
                    "primary": {
                        "id": "distributed-geobroker-cluster-eks-cluster-role",
                        "attributes": {
                            "arn": "arn:aws:iam::746022503515:role/distributed-geobroker-cluster-eks-cluster-role",
                            "assume_role_policy": "{\"Version\":\"2012-10-17\",\"Statement\":[{\"Effect\":\"Allow\",\"Principal\":{\"Service\":\"eks.amazonaws.com\"},\"Action\":\"sts:AssumeRole\"}]}",
                            "create_date": "2019-10-01T15:51:21Z",
                            "description": "",
                            "force_detach_policies": "false",
                            "id": "distributed-geobroker-cluster-eks-cluster-role",
                            "max_session_duration": "3600",
                            "name": "distributed-geobroker-cluster-eks-cluster-role",
                            "path": "/",
                            "tags.%": "0",
                            "unique_id": "AROA23MTIARN3Q7QUZUGY"
                        },
                        "meta": {},
                        "tainted": false
                    },
                    "deposed": [],
                    "provider": "module.eks.provider.aws"
                },
                "aws_iam_role.node": {
                    "type": "aws_iam_role",
                    "depends_on": [],
                    "primary": {
                        "id": "distributed-geobroker-cluster-eks-node-role",
                        "attributes": {
                            "arn": "arn:aws:iam::746022503515:role/distributed-geobroker-cluster-eks-node-role",
                            "assume_role_policy": "{\"Version\":\"2012-10-17\",\"Statement\":[{\"Effect\":\"Allow\",\"Principal\":{\"Service\":\"ec2.amazonaws.com\"},\"Action\":\"sts:AssumeRole\"}]}",
                            "create_date": "2019-10-01T15:51:21Z",
                            "description": "",
                            "force_detach_policies": "false",
                            "id": "distributed-geobroker-cluster-eks-node-role",
                            "max_session_duration": "3600",
                            "name": "distributed-geobroker-cluster-eks-node-role",
                            "path": "/",
                            "tags.%": "0",
                            "unique_id": "AROA23MTIARNSWQCELVD3"
                        },
                        "meta": {},
                        "tainted": false
                    },
                    "deposed": [],
                    "provider": "module.eks.provider.aws"
                },
                "aws_iam_role_policy_attachment.cluster-AmazonEKSClusterPolicy": {
                    "type": "aws_iam_role_policy_attachment",
                    "depends_on": [
                        "aws_iam_role.cluster"
                    ],
                    "primary": {
                        "id": "distributed-geobroker-cluster-eks-cluster-role-20191001155122362300000005",
                        "attributes": {
                            "id": "distributed-geobroker-cluster-eks-cluster-role-20191001155122362300000005",
                            "policy_arn": "arn:aws:iam::aws:policy/AmazonEKSClusterPolicy",
                            "role": "distributed-geobroker-cluster-eks-cluster-role"
                        },
                        "meta": {},
                        "tainted": false
                    },
                    "deposed": [],
                    "provider": "module.eks.provider.aws"
                },
                "aws_iam_role_policy_attachment.cluster-AmazonEKSServicePolicy": {
                    "type": "aws_iam_role_policy_attachment",
                    "depends_on": [
                        "aws_iam_role.cluster"
                    ],
                    "primary": {
                        "id": "distributed-geobroker-cluster-eks-cluster-role-20191001155122361900000003",
                        "attributes": {
                            "id": "distributed-geobroker-cluster-eks-cluster-role-20191001155122361900000003",
                            "policy_arn": "arn:aws:iam::aws:policy/AmazonEKSServicePolicy",
                            "role": "distributed-geobroker-cluster-eks-cluster-role"
                        },
                        "meta": {},
                        "tainted": false
                    },
                    "deposed": [],
                    "provider": "module.eks.provider.aws"
                },
                "aws_iam_role_policy_attachment.node-AmazonEC2ContainerRegistryReadOnly": {
                    "type": "aws_iam_role_policy_attachment",
                    "depends_on": [
                        "aws_iam_role.node"
                    ],
                    "primary": {
                        "id": "distributed-geobroker-cluster-eks-node-role-20191001155122362000000004",
                        "attributes": {
                            "id": "distributed-geobroker-cluster-eks-node-role-20191001155122362000000004",
                            "policy_arn": "arn:aws:iam::aws:policy/AmazonEC2ContainerRegistryReadOnly",
                            "role": "distributed-geobroker-cluster-eks-node-role"
                        },
                        "meta": {},
                        "tainted": false
                    },
                    "deposed": [],
                    "provider": "module.eks.provider.aws"
                },
                "aws_iam_role_policy_attachment.node-AmazonEKSWorkerNodePolicy": {
                    "type": "aws_iam_role_policy_attachment",
                    "depends_on": [
                        "aws_iam_role.node"
                    ],
                    "primary": {
                        "id": "distributed-geobroker-cluster-eks-node-role-20191001155122358300000001",
                        "attributes": {
                            "id": "distributed-geobroker-cluster-eks-node-role-20191001155122358300000001",
                            "policy_arn": "arn:aws:iam::aws:policy/AmazonEKSWorkerNodePolicy",
                            "role": "distributed-geobroker-cluster-eks-node-role"
                        },
                        "meta": {},
                        "tainted": false
                    },
                    "deposed": [],
                    "provider": "module.eks.provider.aws"
                },
                "aws_iam_role_policy_attachment.node-AmazonEKS_CNI_Policy": {
                    "type": "aws_iam_role_policy_attachment",
                    "depends_on": [
                        "aws_iam_role.node"
                    ],
                    "primary": {
                        "id": "distributed-geobroker-cluster-eks-node-role-20191001155122358400000002",
                        "attributes": {
                            "id": "distributed-geobroker-cluster-eks-node-role-20191001155122358400000002",
                            "policy_arn": "arn:aws:iam::aws:policy/AmazonEKS_CNI_Policy",
                            "role": "distributed-geobroker-cluster-eks-node-role"
                        },
                        "meta": {},
                        "tainted": false
                    },
                    "deposed": [],
                    "provider": "module.eks.provider.aws"
                },
                "aws_internet_gateway.eks": {
                    "type": "aws_internet_gateway",
                    "depends_on": [
                        "aws_vpc.eks"
                    ],
                    "primary": {
                        "id": "igw-00dd7969fdae50933",
                        "attributes": {
                            "id": "igw-00dd7969fdae50933",
                            "owner_id": "746022503515",
                            "tags.%": "1",
                            "tags.Name": "distributed-geobroker-cluster-eks-igw",
                            "vpc_id": "vpc-027522323cbc623b7"
                        },
                        "meta": {},
                        "tainted": false
                    },
                    "deposed": [],
                    "provider": "module.eks.provider.aws"
                },
                "aws_launch_configuration.eks": {
                    "type": "aws_launch_configuration",
                    "depends_on": [
                        "aws_iam_instance_profile.node",
                        "aws_security_group.node",
                        "data.aws_ami.eks-worker-ami",
                        "local.node-userdata"
                    ],
                    "primary": {
                        "id": "distributed-geobroker-cluster-eks-20191001160014549500000006",
                        "attributes": {
                            "associate_public_ip_address": "true",
                            "ebs_block_device.#": "0",
                            "ebs_optimized": "false",
                            "enable_monitoring": "true",
                            "ephemeral_block_device.#": "0",
                            "iam_instance_profile": "distributed-geobroker-cluster-eks-node-instance-profile",
                            "id": "distributed-geobroker-cluster-eks-20191001160014549500000006",
                            "image_id": "ami-0434110cf5309f4e1",
                            "instance_type": "t2.medium",
                            "key_name": "",
                            "name": "distributed-geobroker-cluster-eks-20191001160014549500000006",
                            "name_prefix": "distributed-geobroker-cluster-eks-",
                            "root_block_device.#": "0",
                            "security_groups.#": "1",
                            "security_groups.414138216": "sg-00ed4e2a2ff4bf3d5",
                            "spot_price": "",
                            "user_data_base64": "IyEvYmluL2Jhc2ggLXhlCgpDQV9DRVJUSUZJQ0FURV9ESVJFQ1RPUlk9L2V0Yy9rdWJlcm5ldGVzL3BraQpDQV9DRVJUSUZJQ0FURV9GSUxFX1BBVEg9JENBX0NFUlRJRklDQVRFX0RJUkVDVE9SWS9jYS5jcnQKbWtkaXIgLXAgJENBX0NFUlRJRklDQVRFX0RJUkVDVE9SWQplY2hvICJMUzB0TFMxQ1JVZEpUaUJEUlZKVVNVWkpRMEZVUlMwdExTMHRDazFKU1VONVJFTkRRV0pEWjBGM1NVSkJaMGxDUVVSQlRrSm5hM0ZvYTJsSE9YY3dRa0ZSYzBaQlJFRldUVkpOZDBWUldVUldVVkZFUlhkd2NtUlhTbXdLWTIwMWJHUkhWbnBOUWpSWVJGUkZOVTFVUVhkTlZFVXhUbFJqTVU1R2IxaEVWRWsxVFVScmVVOUVSVEZPVkdNeFRrWnZkMFpVUlZSTlFrVkhRVEZWUlFwQmVFMUxZVE5XYVZwWVNuVmFXRkpzWTNwRFEwRlRTWGRFVVZsS1MyOWFTV2gyWTA1QlVVVkNRbEZCUkdkblJWQkJSRU5EUVZGdlEyZG5SVUpCUzBvMUNrMVFOa1ExT0Vod2JWRm5aSEZKU0ZNMk5sbE9RbXRwYlhoM1VtZHdNM2x5VFRsSU1sbEdRekZVY2xSV2JsVXZjVkZsTVhsc1EwTTRVemRQUlM5TWVWZ0tjbFJNU214V1ZUWnlhbUZpUVZGaU9FUktWVFppYzBkNVpURmlTbkU0UzBkR01sSTVSemh3UmtFdk1EVlhVMDgxUVVKcWVHZEpSREJCUVdOS1VFczJRZ292UkZSSGNVaGpPR1YzYjJneWFHUnpiM2RCUjFSVVdWUmpZMFYzYmxoWVdWbDZORWRXU1ZWM1drZDRibmhFV0U5V1dFTnBiRUZMYTI4M1JuZ3dPR0ZxQ2xaTk9FVjRORXhWYW1OMGFFWndNVEJFYmpSalJrUnBUakFyTTNKYWMwWnlaMHM1YkZneFYyMHdPVU5XUzNCNE1XazFkWGRZUnpSQlFVWkRjM0JPYjBJS1RIcEpRV1phWVM5TVZHdzRkR3hYWTJWMGVYZHJia0pyTjJrelpYSm1ZakpFYldodFVFOVNWVmM1V2xReVdGWTVhRGh3WkU4clJrRjBPRVJuU2xSYVZRcFROaXN6TTFaS2RXbzBOMmROYm14SVUxa3dRMEYzUlVGQllVMXFUVU5GZDBSbldVUldVakJRUVZGSUwwSkJVVVJCWjB0clRVRTRSMEV4VldSRmQwVkNDaTkzVVVaTlFVMUNRV1k0ZDBSUldVcExiMXBKYUhaalRrRlJSVXhDVVVGRVoyZEZRa0ZIY25GVmREUkZibGszZDJwbk5rUXZlVzQzTkVJd1VGSnFPVUlLYW1GbGFFdDViaTkwZEd4RFNsbFpWaXRZT0d0Sk5HWnNOamxFWjNGeGFIRjRiRUkzTmxWelpGYzVWV2xPUjB4WFZEWlNXSE5wU213dlIyNTRNMmh2VGdwUFQxUlhRWEJZTm1ZdlJXUlliRFJIVUVaVVN6RnlhblpqWWpGT09IQTJPV2hGTDBSTGFUWlBZbGdyTXpNeU5VZERjWEphVkdKaFdXWktWRWhEVkUxbENqZFpjR1JKYlVOT05sSjRTelZCTlRkaU4yMVlNa1pSYW04dlVFaDBSakYzYWpGeVNEUkJhVmh4ZGs4eU1rUlRUVUpYWlZSb1FsaE5jR0pCVEZWQlIwTUtNazlXVnpGcWRpOXlPRFpLYjBKQmExUlRTVlppY1U5UFZUTnhlakU0TUZjeVFYZHpiRWRxTlZWaFNqSTBaMlZhUWtOTlFWQjJWMDAyYjB0YVMwMVlNUXBZU3pSUmJIZHJaQ3RPUTBoaWVFdGlibE5hU0dkeFJXeHBaekJTZUVsalUxTnVLMGxzWkdkVU1WRjRWVnBOUm5SME5qUnBibHBQUVhNdlRUMEtMUzB0TFMxRlRrUWdRMFZTVkVsR1NVTkJWRVV0TFMwdExRbz0iIHwgYmFzZTY0IC1kID4gICRDQV9DRVJUSUZJQ0FURV9GSUxFX1BBVEgKSU5URVJOQUxfSVA9JChjdXJsIC1zIGh0dHA6Ly8xNjkuMjU0LjE2OS4yNTQvbGF0ZXN0L21ldGEtZGF0YS9sb2NhbC1pcHY0KQpzZWQgLWkgcyxNQVNURVJfRU5EUE9JTlQsaHR0cHM6Ly9FQkFCQkM4ODYzQzAwN0VFQjAzMkU0RTUzMTM3MEFFQi5ncjcuZXUtY2VudHJhbC0xLmVrcy5hbWF6b25hd3MuY29tLGcgL3Zhci9saWIva3ViZWxldC9rdWJlY29uZmlnCnNlZCAtaSBzLENMVVNURVJfTkFNRSxkaXN0cmlidXRlZC1nZW9icm9rZXItY2x1c3RlcixnIC92YXIvbGliL2t1YmVsZXQva3ViZWNvbmZpZwpzZWQgLWkgcyxSRUdJT04sZXUtY2VudHJhbC0xLGcgL2V0Yy9zeXN0ZW1kL3N5c3RlbS9rdWJlbGV0LnNlcnZpY2UKc2VkIC1pIHMsTUFYX1BPRFMsMjAsZyAvZXRjL3N5c3RlbWQvc3lzdGVtL2t1YmVsZXQuc2VydmljZQpzZWQgLWkgcyxNQVNURVJfRU5EUE9JTlQsaHR0cHM6Ly9FQkFCQkM4ODYzQzAwN0VFQjAzMkU0RTUzMTM3MEFFQi5ncjcuZXUtY2VudHJhbC0xLmVrcy5hbWF6b25hd3MuY29tLGcgL2V0Yy9zeXN0ZW1kL3N5c3RlbS9rdWJlbGV0LnNlcnZpY2UKc2VkIC1pIHMsSU5URVJOQUxfSVAsJElOVEVSTkFMX0lQLGcgL2V0Yy9zeXN0ZW1kL3N5c3RlbS9rdWJlbGV0LnNlcnZpY2UKRE5TX0NMVVNURVJfSVA9MTAuMTAwLjAuMTAKaWYgW1sgJElOVEVSTkFMX0lQID09IDEwLiogXV0gOyB0aGVuIEROU19DTFVTVEVSX0lQPTE3Mi4yMC4wLjEwOyBmaQpzZWQgLWkgcyxETlNfQ0xVU1RFUl9JUCwkRE5TX0NMVVNURVJfSVAsZyAvZXRjL3N5c3RlbWQvc3lzdGVtL2t1YmVsZXQuc2VydmljZQpzZWQgLWkgcyxDRVJUSUZJQ0FURV9BVVRIT1JJVFlfRklMRSwkQ0FfQ0VSVElGSUNBVEVfRklMRV9QQVRILGcgL3Zhci9saWIva3ViZWxldC9rdWJlY29uZmlnCnNlZCAtaSBzLENMSUVOVF9DQV9GSUxFLCRDQV9DRVJUSUZJQ0FURV9GSUxFX1BBVEgsZyAgL2V0Yy9zeXN0ZW1kL3N5c3RlbS9rdWJlbGV0LnNlcnZpY2UKc3lzdGVtY3RsIGRhZW1vbi1yZWxvYWQKc3lzdGVtY3RsIHJlc3RhcnQga3ViZWxldAo=",
                            "vpc_classic_link_id": "",
                            "vpc_classic_link_security_groups.#": "0"
                        },
                        "meta": {},
                        "tainted": false
                    },
                    "deposed": [],
                    "provider": "module.eks.provider.aws"
                },
                "aws_route_table.eks": {
                    "type": "aws_route_table",
                    "depends_on": [
                        "aws_internet_gateway.eks",
                        "aws_vpc.eks"
                    ],
                    "primary": {
                        "id": "rtb-01d769b0cad4964fc",
                        "attributes": {
                            "id": "rtb-01d769b0cad4964fc",
                            "owner_id": "746022503515",
                            "propagating_vgws.#": "0",
                            "route.#": "1",
                            "route.415106507.cidr_block": "0.0.0.0/0",
                            "route.415106507.egress_only_gateway_id": "",
                            "route.415106507.gateway_id": "igw-00dd7969fdae50933",
                            "route.415106507.instance_id": "",
                            "route.415106507.ipv6_cidr_block": "",
                            "route.415106507.nat_gateway_id": "",
                            "route.415106507.network_interface_id": "",
                            "route.415106507.transit_gateway_id": "",
                            "route.415106507.vpc_peering_connection_id": "",
                            "tags.%": "0",
                            "vpc_id": "vpc-027522323cbc623b7"
                        },
                        "meta": {},
                        "tainted": false
                    },
                    "deposed": [],
                    "provider": "module.eks.provider.aws"
                },
                "aws_route_table_association.eks.0": {
                    "type": "aws_route_table_association",
                    "depends_on": [
                        "aws_route_table.eks",
                        "aws_subnet.eks.*"
                    ],
                    "primary": {
                        "id": "rtbassoc-0b149f26610661ff2",
                        "attributes": {
                            "id": "rtbassoc-0b149f26610661ff2",
                            "route_table_id": "rtb-01d769b0cad4964fc",
                            "subnet_id": "subnet-03e43dd6a9a816a2a"
                        },
                        "meta": {},
                        "tainted": false
                    },
                    "deposed": [],
                    "provider": "module.eks.provider.aws"
                },
                "aws_route_table_association.eks.1": {
                    "type": "aws_route_table_association",
                    "depends_on": [
                        "aws_route_table.eks",
                        "aws_subnet.eks.*"
                    ],
                    "primary": {
                        "id": "rtbassoc-08fbd9d3896a6cc71",
                        "attributes": {
                            "id": "rtbassoc-08fbd9d3896a6cc71",
                            "route_table_id": "rtb-01d769b0cad4964fc",
                            "subnet_id": "subnet-09fd66737eb6a12e0"
                        },
                        "meta": {},
                        "tainted": false
                    },
                    "deposed": [],
                    "provider": "module.eks.provider.aws"
                },
                "aws_security_group.cluster": {
                    "type": "aws_security_group",
                    "depends_on": [
                        "aws_vpc.eks"
                    ],
                    "primary": {
                        "id": "sg-00d89887f5ac0305e",
                        "attributes": {
                            "arn": "arn:aws:ec2:eu-central-1:746022503515:security-group/sg-00d89887f5ac0305e",
                            "description": "Cluster communication with worker nodes",
                            "egress.#": "1",
                            "egress.482069346.cidr_blocks.#": "1",
                            "egress.482069346.cidr_blocks.0": "0.0.0.0/0",
                            "egress.482069346.description": "",
                            "egress.482069346.from_port": "0",
                            "egress.482069346.ipv6_cidr_blocks.#": "0",
                            "egress.482069346.prefix_list_ids.#": "0",
                            "egress.482069346.protocol": "-1",
                            "egress.482069346.security_groups.#": "0",
                            "egress.482069346.self": "false",
                            "egress.482069346.to_port": "0",
                            "id": "sg-00d89887f5ac0305e",
                            "ingress.#": "0",
                            "name": "distributed-geobroker-cluster-eks-cluster-sg",
                            "owner_id": "746022503515",
                            "revoke_rules_on_delete": "false",
                            "tags.%": "1",
                            "tags.Name": "distributed-geobroker-cluster-eks-cluster-sg",
                            "vpc_id": "vpc-027522323cbc623b7"
                        },
                        "meta": {
                            "e2bfb730-ecaa-11e6-8f88-34363bc7c4c0": {
                                "create": 600000000000,
                                "delete": 600000000000
                            },
                            "schema_version": "1"
                        },
                        "tainted": false
                    },
                    "deposed": [],
                    "provider": "module.eks.provider.aws"
                },
                "aws_security_group.node": {
                    "type": "aws_security_group",
                    "depends_on": [
                        "aws_vpc.eks"
                    ],
                    "primary": {
                        "id": "sg-00ed4e2a2ff4bf3d5",
                        "attributes": {
                            "arn": "arn:aws:ec2:eu-central-1:746022503515:security-group/sg-00ed4e2a2ff4bf3d5",
                            "description": "Security group for all nodes in the cluster",
                            "egress.#": "1",
                            "egress.482069346.cidr_blocks.#": "1",
                            "egress.482069346.cidr_blocks.0": "0.0.0.0/0",
                            "egress.482069346.description": "",
                            "egress.482069346.from_port": "0",
                            "egress.482069346.ipv6_cidr_blocks.#": "0",
                            "egress.482069346.prefix_list_ids.#": "0",
                            "egress.482069346.protocol": "-1",
                            "egress.482069346.security_groups.#": "0",
                            "egress.482069346.self": "false",
                            "egress.482069346.to_port": "0",
                            "id": "sg-00ed4e2a2ff4bf3d5",
                            "ingress.#": "0",
                            "name": "distributed-geobroker-cluster-eks-node-sg",
                            "owner_id": "746022503515",
                            "revoke_rules_on_delete": "false",
                            "tags.%": "2",
                            "tags.Name": "distributed-geobroker-cluster-eks-node-sg",
                            "tags.kubernetes.io/cluster/distributed-geobroker-cluster": "owned",
                            "vpc_id": "vpc-027522323cbc623b7"
                        },
                        "meta": {
                            "e2bfb730-ecaa-11e6-8f88-34363bc7c4c0": {
                                "create": 600000000000,
                                "delete": 600000000000
                            },
                            "schema_version": "1"
                        },
                        "tainted": false
                    },
                    "deposed": [],
                    "provider": "module.eks.provider.aws"
                },
                "aws_security_group_rule.cluster-ingress-node-https": {
                    "type": "aws_security_group_rule",
                    "depends_on": [
                        "aws_security_group.cluster",
                        "aws_security_group.node"
                    ],
                    "primary": {
                        "id": "sgrule-2447864391",
                        "attributes": {
                            "description": "Allow pods to communicate with the cluster API Server",
                            "from_port": "443",
                            "id": "sgrule-2447864391",
                            "protocol": "tcp",
                            "security_group_id": "sg-00d89887f5ac0305e",
                            "self": "false",
                            "source_security_group_id": "sg-00ed4e2a2ff4bf3d5",
                            "to_port": "443",
                            "type": "ingress"
                        },
                        "meta": {
                            "schema_version": "2"
                        },
                        "tainted": false
                    },
                    "deposed": [],
                    "provider": "module.eks.provider.aws"
                },
                "aws_security_group_rule.cluster-ingress-workstation-https": {
                    "type": "aws_security_group_rule",
                    "depends_on": [
                        "aws_security_group.cluster",
                        "local.workstation-external-cidr"
                    ],
                    "primary": {
                        "id": "sgrule-3577690927",
                        "attributes": {
                            "cidr_blocks.#": "1",
                            "cidr_blocks.0": "196.240.57.52/32",
                            "description": "Allow workstation to communicate with the cluster API Server",
                            "from_port": "443",
                            "id": "sgrule-3577690927",
                            "protocol": "tcp",
                            "security_group_id": "sg-00d89887f5ac0305e",
                            "self": "false",
                            "to_port": "443",
                            "type": "ingress"
                        },
                        "meta": {
                            "schema_version": "2"
                        },
                        "tainted": false
                    },
                    "deposed": [],
                    "provider": "module.eks.provider.aws"
                },
                "aws_security_group_rule.node-ingress-cluster": {
                    "type": "aws_security_group_rule",
                    "depends_on": [
                        "aws_security_group.cluster",
                        "aws_security_group.node"
                    ],
                    "primary": {
                        "id": "sgrule-1398376436",
                        "attributes": {
                            "description": "Allow worker Kubelets and pods to receive communication from the cluster control plane",
                            "from_port": "1025",
                            "id": "sgrule-1398376436",
                            "protocol": "tcp",
                            "security_group_id": "sg-00ed4e2a2ff4bf3d5",
                            "self": "false",
                            "source_security_group_id": "sg-00d89887f5ac0305e",
                            "to_port": "65535",
                            "type": "ingress"
                        },
                        "meta": {
                            "schema_version": "2"
                        },
                        "tainted": false
                    },
                    "deposed": [],
                    "provider": "module.eks.provider.aws"
                },
                "aws_security_group_rule.node-ingress-self": {
                    "type": "aws_security_group_rule",
                    "depends_on": [
                        "aws_security_group.node"
                    ],
                    "primary": {
                        "id": "sgrule-3849841234",
                        "attributes": {
                            "description": "Allow node to communicate with each other",
                            "from_port": "0",
                            "id": "sgrule-3849841234",
                            "protocol": "-1",
                            "security_group_id": "sg-00ed4e2a2ff4bf3d5",
                            "self": "false",
                            "source_security_group_id": "sg-00ed4e2a2ff4bf3d5",
                            "to_port": "65535",
                            "type": "ingress"
                        },
                        "meta": {
                            "schema_version": "2"
                        },
                        "tainted": false
                    },
                    "deposed": [],
                    "provider": "module.eks.provider.aws"
                },
                "aws_subnet.eks.0": {
                    "type": "aws_subnet",
                    "depends_on": [
                        "aws_vpc.eks",
                        "data.aws_availability_zones.available"
                    ],
                    "primary": {
                        "id": "subnet-03e43dd6a9a816a2a",
                        "attributes": {
                            "arn": "arn:aws:ec2:eu-central-1:746022503515:subnet/subnet-03e43dd6a9a816a2a",
                            "assign_ipv6_address_on_creation": "false",
                            "availability_zone": "eu-central-1a",
                            "availability_zone_id": "euc1-az2",
                            "cidr_block": "10.0.0.0/24",
                            "id": "subnet-03e43dd6a9a816a2a",
                            "ipv6_cidr_block": "",
                            "ipv6_cidr_block_association_id": "",
                            "map_public_ip_on_launch": "false",
                            "owner_id": "746022503515",
                            "tags.%": "2",
                            "tags.Name": "distributed-geobroker-cluster-eks",
                            "tags.kubernetes.io/cluster/distributed-geobroker-cluster": "shared",
                            "vpc_id": "vpc-027522323cbc623b7"
                        },
                        "meta": {
                            "e2bfb730-ecaa-11e6-8f88-34363bc7c4c0": {
                                "create": 600000000000,
                                "delete": 1200000000000
                            },
                            "schema_version": "1"
                        },
                        "tainted": false
                    },
                    "deposed": [],
                    "provider": "module.eks.provider.aws"
                },
                "aws_subnet.eks.1": {
                    "type": "aws_subnet",
                    "depends_on": [
                        "aws_vpc.eks",
                        "data.aws_availability_zones.available"
                    ],
                    "primary": {
                        "id": "subnet-09fd66737eb6a12e0",
                        "attributes": {
                            "arn": "arn:aws:ec2:eu-central-1:746022503515:subnet/subnet-09fd66737eb6a12e0",
                            "assign_ipv6_address_on_creation": "false",
                            "availability_zone": "eu-central-1b",
                            "availability_zone_id": "euc1-az3",
                            "cidr_block": "10.0.1.0/24",
                            "id": "subnet-09fd66737eb6a12e0",
                            "ipv6_cidr_block": "",
                            "ipv6_cidr_block_association_id": "",
                            "map_public_ip_on_launch": "false",
                            "owner_id": "746022503515",
                            "tags.%": "2",
                            "tags.Name": "distributed-geobroker-cluster-eks",
                            "tags.kubernetes.io/cluster/distributed-geobroker-cluster": "shared",
                            "vpc_id": "vpc-027522323cbc623b7"
                        },
                        "meta": {
                            "e2bfb730-ecaa-11e6-8f88-34363bc7c4c0": {
                                "create": 600000000000,
                                "delete": 1200000000000
                            },
                            "schema_version": "1"
                        },
                        "tainted": false
                    },
                    "deposed": [],
                    "provider": "module.eks.provider.aws"
                },
                "aws_vpc.eks": {
                    "type": "aws_vpc",
                    "depends_on": [],
                    "primary": {
                        "id": "vpc-027522323cbc623b7",
                        "attributes": {
                            "arn": "arn:aws:ec2:eu-central-1:746022503515:vpc/vpc-027522323cbc623b7",
                            "assign_generated_ipv6_cidr_block": "false",
                            "cidr_block": "10.0.0.0/16",
                            "default_network_acl_id": "acl-0e06672ba3e0d8670",
                            "default_route_table_id": "rtb-0046d55e3aa25d42b",
                            "default_security_group_id": "sg-0efdcf3a40de35054",
                            "dhcp_options_id": "dopt-5b6bf332",
                            "enable_dns_hostnames": "false",
                            "enable_dns_support": "true",
                            "id": "vpc-027522323cbc623b7",
                            "instance_tenancy": "default",
                            "ipv6_association_id": "",
                            "ipv6_cidr_block": "",
                            "main_route_table_id": "rtb-0046d55e3aa25d42b",
                            "owner_id": "746022503515",
                            "tags.%": "2",
                            "tags.Name": "distributed-geobroker-cluster-eks-vpc",
                            "tags.kubernetes.io/cluster/distributed-geobroker-cluster": "shared"
                        },
                        "meta": {
                            "schema_version": "1"
                        },
                        "tainted": false
                    },
                    "deposed": [],
                    "provider": "module.eks.provider.aws"
                },
                "data.aws_ami.eks-worker-ami": {
                    "type": "aws_ami",
                    "depends_on": [],
                    "primary": {
                        "id": "ami-0434110cf5309f4e1",
                        "attributes": {
                            "architecture": "x86_64",
                            "block_device_mappings.#": "1",
                            "block_device_mappings.3798922657.device_name": "/dev/xvda",
                            "block_device_mappings.3798922657.ebs.%": "6",
                            "block_device_mappings.3798922657.ebs.delete_on_termination": "true",
                            "block_device_mappings.3798922657.ebs.encrypted": "false",
                            "block_device_mappings.3798922657.ebs.iops": "0",
                            "block_device_mappings.3798922657.ebs.snapshot_id": "snap-0f99d09fa9ad2a5b0",
                            "block_device_mappings.3798922657.ebs.volume_size": "20",
                            "block_device_mappings.3798922657.ebs.volume_type": "gp2",
                            "block_device_mappings.3798922657.no_device": "",
                            "block_device_mappings.3798922657.virtual_name": "",
                            "creation_date": "2019-09-28T11:05:10.000Z",
                            "description": "EKS Kubernetes Worker AMI with AmazonLinux2 image, (k8s: 1.11.10, docker:18.06)",
                            "filter.#": "1",
                            "filter.3613979906.name": "name",
                            "filter.3613979906.values.#": "1",
                            "filter.3613979906.values.0": "amazon-eks-node-1.11-*",
                            "hypervisor": "xen",
                            "id": "ami-0434110cf5309f4e1",
                            "image_id": "ami-0434110cf5309f4e1",
                            "image_location": "amazon/amazon-eks-node-1.11-v20190927",
                            "image_owner_alias": "amazon",
                            "image_type": "machine",
                            "most_recent": "true",
                            "name": "amazon-eks-node-1.11-v20190927",
                            "owner_id": "602401143452",
                            "owners.#": "1",
                            "owners.0": "602401143452",
                            "product_codes.#": "0",
                            "public": "true",
                            "root_device_name": "/dev/xvda",
                            "root_device_type": "ebs",
                            "root_snapshot_id": "snap-0f99d09fa9ad2a5b0",
                            "sriov_net_support": "simple",
                            "state": "available",
                            "state_reason.%": "2",
                            "state_reason.code": "UNSET",
                            "state_reason.message": "UNSET",
                            "tags.%": "0",
                            "virtualization_type": "hvm"
                        },
                        "meta": {},
                        "tainted": false
                    },
                    "deposed": [],
                    "provider": "module.eks.provider.aws"
                },
                "data.aws_availability_zones.available": {
                    "type": "aws_availability_zones",
                    "depends_on": [],
                    "primary": {
                        "id": "2019-10-01 15:51:09.915119 +0000 UTC",
                        "attributes": {
                            "id": "2019-10-01 15:51:09.915119 +0000 UTC",
                            "names.#": "3",
                            "names.0": "eu-central-1a",
                            "names.1": "eu-central-1b",
                            "names.2": "eu-central-1c",
                            "zone_ids.#": "3",
                            "zone_ids.0": "euc1-az2",
                            "zone_ids.1": "euc1-az3",
                            "zone_ids.2": "euc1-az1"
                        },
                        "meta": {},
                        "tainted": false
                    },
                    "deposed": [],
                    "provider": "module.eks.provider.aws"
                },
                "data.aws_region.current": {
                    "type": "aws_region",
                    "depends_on": [],
                    "primary": {
                        "id": "eu-central-1",
                        "attributes": {
                            "description": "EU (Frankfurt)",
                            "endpoint": "ec2.eu-central-1.amazonaws.com",
                            "id": "eu-central-1",
                            "name": "eu-central-1"
                        },
                        "meta": {},
                        "tainted": false
                    },
                    "deposed": [],
                    "provider": "module.eks.provider.aws"
                },
                "data.http.workstation-external-ip": {
                    "type": "http",
                    "depends_on": [],
                    "primary": {
                        "id": "2019-10-01 15:51:07.319877 +0000 UTC",
                        "attributes": {
                            "body": "196.240.57.52\n",
                            "id": "2019-10-01 15:51:07.319877 +0000 UTC",
                            "url": "http://icanhazip.com"
                        },
                        "meta": {},
                        "tainted": false
                    },
                    "deposed": [],
                    "provider": "module.eks.provider.http"
                }
            },
            "depends_on": []
        }
    ]
}
